
Microsoft Visual Studio Solution File, Format Version 12.00
# Visual Studio Version 16
VisualStudioVersion = 16.0.32106.194
MinimumVisualStudioVersion = 10.0.40219.1
Project("{FAE04EC0-301F-11D3-BF4B-00C04F79EFBC}") = "ProyectoFinalUnai", "ProyectoFinalUnai\ProyectoFinalUnai.csproj", "{6358BFA0-FFDB-4A90-B2CD-948733E078F6}"
EndProject
Global
	GlobalSection(SolutionConfigurationPlatforms) = preSolution
		Debug|Any CPU = Debug|Any CPU
		Release|Any CPU = Release|Any CPU
	EndGlobalSection
	GlobalSection(ProjectConfigurationPlatforms) = postSolution
		{6358BFA0-FFDB-4A90-B2CD-948733E078F6}.Debug|Any CPU.ActiveCfg = Release|Any CPU
		{6358BFA0-FFDB-4A90-B2CD-948733E078F6}.Debug|Any CPU.Build.0 = Release|Any CPU
		{6358BFA0-FFDB-4A90-B2CD-948733E078F6}.Release|Any CPU.ActiveCfg = Release|Any CPU
		{6358BFA0-FFDB-4A90-B2CD-948733E078F6}.Release|Any CPU.Build.0 = Release|Any CPU
	EndGlobalSection
	GlobalSection(SolutionProperties) = preSolution
		HideSolutionNode = FALSE
	EndGlobalSection
	GlobalSection(ExtensibilityGlobals) = postSolution
		SolutionGuid = {1664CCD4-0F57-4594-9098-268758B04CBE}
	EndGlobalSection
EndGlobal
